// !$*UTF8*$!
{
	archiveVersion = 1;
	classes = {
	};
	objectVersion = 56;
	objects = {

/* Begin PBXBuildFile section */
		4939D9022D93E1D100350987 /* CartManager.swift in Sources */ = {isa = PBXBuildFile; fileRef = 4939D9012D93E1D100350987 /* CartManager.swift */; };
		4939D9042D93FB6500350987 /* CartButton.swift in Sources */ = {isa = PBXBuildFile; fileRef = 4939D9032D93FB6500350987 /* CartButton.swift */; };
		4939D9072D94001500350987 /* HomePageView.swift in Sources */ = {isa = PBXBuildFile; fileRef = 4939D9062D94001500350987 /* HomePageView.swift */; };
		49B5561E2D92A0880087C567 /* marketplaceApp.swift in Sources */ = {isa = PBXBuildFile; fileRef = 49B5561D2D92A0880087C567 /* marketplaceApp.swift */; };
		49B556202D92A0880087C567 /* ContentView.swift in Sources */ = {isa = PBXBuildFile; fileRef = 49B5561F2D92A0880087C567 /* ContentView.swift */; };
		49B556222D92A08C0087C567 /* Assets.xcassets in Resources */ = {isa = PBXBuildFile; fileRef = 49B556212D92A08C0087C567 /* Assets.xcassets */; };
		49B556252D92A08C0087C567 /* Preview Assets.xcassets in Resources */ = {isa = PBXBuildFile; fileRef = 49B556242D92A08C0087C567 /* Preview Assets.xcassets */; };
		49B5562F2D92A08C0087C567 /* marketplaceTests.swift in Sources */ = {isa = PBXBuildFile; fileRef = 49B5562E2D92A08C0087C567 /* marketplaceTests.swift */; };
		49B556392D92A08C0087C567 /* marketplaceUITests.swift in Sources */ = {isa = PBXBuildFile; fileRef = 49B556382D92A08C0087C567 /* marketplaceUITests.swift */; };
		49B5563B2D92A08C0087C567 /* marketplaceUITestsLaunchTests.swift in Sources */ = {isa = PBXBuildFile; fileRef = 49B5563A2D92A08C0087C567 /* marketplaceUITestsLaunchTests.swift */; };
		49B5564A2D92D87A0087C567 /* Product.swift in Sources */ = {isa = PBXBuildFile; fileRef = 49B556492D92D87A0087C567 /* Product.swift */; };
		49B5564D2D92E3260087C567 /* ImageSliderView.swift in Sources */ = {isa = PBXBuildFile; fileRef = 49B5564C2D92E3260087C567 /* ImageSliderView.swift */; };
		49B556502D92F1A50087C567 /* ProductCartView.swift in Sources */ = {isa = PBXBuildFile; fileRef = 49B5564F2D92F1A50087C567 /* ProductCartView.swift */; };
		49B556522D92F1E40087C567 /* SearchView1.swift in Sources */ = {isa = PBXBuildFile; fileRef = 49B556512D92F1E40087C567 /* SearchView1.swift */; };
/* End PBXBuildFile section */

/* Begin PBXContainerItemProxy section */
		49B5562B2D92A08C0087C567 /* PBXContainerItemProxy */ = {
			isa = PBXContainerItemProxy;
			containerPortal = 49B556122D92A0880087C567 /* Project object */;
			proxyType = 1;
			remoteGlobalIDString = 49B556192D92A0880087C567;
			remoteInfo = marketplace;
		};
		49B556352D92A08C0087C567 /* PBXContainerItemProxy */ = {
			isa = PBXContainerItemProxy;
			containerPortal = 49B556122D92A0880087C567 /* Project object */;
			proxyType = 1;
			remoteGlobalIDString = 49B556192D92A0880087C567;
			remoteInfo = marketplace;
		};
/* End PBXContainerItemProxy section */

/* Begin PBXFileReference section */
		4939D9012D93E1D100350987 /* CartManager.swift */ = {isa = PBXFileReference; lastKnownFileType = sourcecode.swift; path = CartManager.swift; sourceTree = "<group>"; };
		4939D9032D93FB6500350987 /* CartButton.swift */ = {isa = PBXFileReference; lastKnownFileType = sourcecode.swift; path = CartButton.swift; sourceTree = "<group>"; };
		4939D9062D94001500350987 /* HomePageView.swift */ = {isa = PBXFileReference; lastKnownFileType = sourcecode.swift; path = HomePageView.swift; sourceTree = "<group>"; };
		49B5561A2D92A0880087C567 /* marketplace.app */ = {isa = PBXFileReference; explicitFileType = wrapper.application; includeInIndex = 0; path = marketplace.app; sourceTree = BUILT_PRODUCTS_DIR; };
		49B5561D2D92A0880087C567 /* marketplaceApp.swift */ = {isa = PBXFileReference; lastKnownFileType = sourcecode.swift; path = marketplaceApp.swift; sourceTree = "<group>"; };
		49B5561F2D92A0880087C567 /* ContentView.swift */ = {isa = PBXFileReference; lastKnownFileType = sourcecode.swift; path = ContentView.swift; sourceTree = "<group>"; };
		49B556212D92A08C0087C567 /* Assets.xcassets */ = {isa = PBXFileReference; lastKnownFileType = folder.assetcatalog; path = Assets.xcassets; sourceTree = "<group>"; };
		49B556242D92A08C0087C567 /* Preview Assets.xcassets */ = {isa = PBXFileReference; lastKnownFileType = folder.assetcatalog; path = "Preview Assets.xcassets"; sourceTree = "<group>"; };
		49B5562A2D92A08C0087C567 /* marketplaceTests.xctest */ = {isa = PBXFileReference; explicitFileType = wrapper.cfbundle; includeInIndex = 0; path = marketplaceTests.xctest; sourceTree = BUILT_PRODUCTS_DIR; };
		49B5562E2D92A08C0087C567 /* marketplaceTests.swift */ = {isa = PBXFileReference; lastKnownFileType = sourcecode.swift; path = marketplaceTests.swift; sourceTree = "<group>"; };
		49B556342D92A08C0087C567 /* marketplaceUITests.xctest */ = {isa = PBXFileReference; explicitFileType = wrapper.cfbundle; includeInIndex = 0; path = marketplaceUITests.xctest; sourceTree = BUILT_PRODUCTS_DIR; };
		49B556382D92A08C0087C567 /* marketplaceUITests.swift */ = {isa = PBXFileReference; lastKnownFileType = sourcecode.swift; path = marketplaceUITests.swift; sourceTree = "<group>"; };
		49B5563A2D92A08C0087C567 /* marketplaceUITestsLaunchTests.swift */ = {isa = PBXFileReference; lastKnownFileType = sourcecode.swift; path = marketplaceUITestsLaunchTests.swift; sourceTree = "<group>"; };
		49B556492D92D87A0087C567 /* Product.swift */ = {isa = PBXFileReference; lastKnownFileType = sourcecode.swift; path = Product.swift; sourceTree = "<group>"; };
		49B5564C2D92E3260087C567 /* ImageSliderView.swift */ = {isa = PBXFileReference; lastKnownFileType = sourcecode.swift; path = ImageSliderView.swift; sourceTree = "<group>"; };
		49B5564F2D92F1A50087C567 /* ProductCartView.swift */ = {isa = PBXFileReference; lastKnownFileType = sourcecode.swift; path = ProductCartView.swift; sourceTree = "<group>"; };
		49B556512D92F1E40087C567 /* SearchView1.swift */ = {isa = PBXFileReference; lastKnownFileType = sourcecode.swift; path = SearchView1.swift; sourceTree = "<group>"; };
/* End PBXFileReference section */

/* Begin PBXFrameworksBuildPhase section */
		49B556172D92A0880087C567 /* Frameworks */ = {
			isa = PBXFrameworksBuildPhase;
			buildActionMask = 2147483647;
			files = (
			);
			runOnlyForDeploymentPostprocessing = 0;
		};
		49B556272D92A08C0087C567 /* Frameworks */ = {
			isa = PBXFrameworksBuildPhase;
			buildActionMask = 2147483647;
			files = (
			);
			runOnlyForDeploymentPostprocessing = 0;
		};
		49B556312D92A08C0087C567 /* Frameworks */ = {
			isa = PBXFrameworksBuildPhase;
			buildActionMask = 2147483647;
			files = (
			);
			runOnlyForDeploymentPostprocessing = 0;
		};
/* End PBXFrameworksBuildPhase section */

/* Begin PBXGroup section */
		4939D9052D93FE2A00350987 /* Views */ = {
			isa = PBXGroup;
			children = (
				49B5561F2D92A0880087C567 /* ContentView.swift */,
				4939D9062D94001500350987 /* HomePageView.swift */,
			);
			path = Views;
			sourceTree = "<group>";
		};
		49B556112D92A0880087C567 = {
			isa = PBXGroup;
			children = (
				49B556472D92D7EA0087C567 /* models */,
				49B5561C2D92A0880087C567 /* marketplace */,
				49B5562D2D92A08C0087C567 /* marketplaceTests */,
				49B556372D92A08C0087C567 /* marketplaceUITests */,
				49B5561B2D92A0880087C567 /* Products */,
			);
			sourceTree = "<group>";
		};
		49B5561B2D92A0880087C567 /* Products */ = {
			isa = PBXGroup;
			children = (
				49B5561A2D92A0880087C567 /* marketplace.app */,
				49B5562A2D92A08C0087C567 /* marketplaceTests.xctest */,
				49B556342D92A08C0087C567 /* marketplaceUITests.xctest */,
			);
			name = Products;
			sourceTree = "<group>";
		};
		49B5561C2D92A0880087C567 /* marketplace */ = {
			isa = PBXGroup;
			children = (
				49B5564B2D92E21A0087C567 /* Components */,
				49B556482D92D8250087C567 /* Models */,
				49B5561D2D92A0880087C567 /* marketplaceApp.swift */,
				4939D9052D93FE2A00350987 /* Views */,
				49B556212D92A08C0087C567 /* Assets.xcassets */,
				49B556232D92A08C0087C567 /* Preview Content */,
				4939D9012D93E1D100350987 /* CartManager.swift */,
			);
			path = marketplace;
			sourceTree = "<group>";
		};
		49B556232D92A08C0087C567 /* Preview Content */ = {
			isa = PBXGroup;
			children = (
				49B556242D92A08C0087C567 /* Preview Assets.xcassets */,
			);
			path = "Preview Content";
			sourceTree = "<group>";
		};
		49B5562D2D92A08C0087C567 /* marketplaceTests */ = {
			isa = PBXGroup;
			children = (
				49B5562E2D92A08C0087C567 /* marketplaceTests.swift */,
			);
			path = marketplaceTests;
			sourceTree = "<group>";
		};
		49B556372D92A08C0087C567 /* marketplaceUITests */ = {
			isa = PBXGroup;
			children = (
				49B556382D92A08C0087C567 /* marketplaceUITests.swift */,
				49B5563A2D92A08C0087C567 /* marketplaceUITestsLaunchTests.swift */,
			);
			path = marketplaceUITests;
			sourceTree = "<group>";
		};
		49B556472D92D7EA0087C567 /* models */ = {
			isa = PBXGroup;
			children = (
			);
			path = models;
			sourceTree = "<group>";
		};
		49B556482D92D8250087C567 /* Models */ = {
			isa = PBXGroup;
			children = (
				49B556492D92D87A0087C567 /* Product.swift */,
			);
			path = Models;
			sourceTree = "<group>";
		};
		49B5564B2D92E21A0087C567 /* Components */ = {
			isa = PBXGroup;
			children = (
				49B5564C2D92E3260087C567 /* ImageSliderView.swift */,
				49B5564F2D92F1A50087C567 /* ProductCartView.swift */,
				49B556512D92F1E40087C567 /* SearchView1.swift */,
				4939D9032D93FB6500350987 /* CartButton.swift */,
			);
			path = Components;
			sourceTree = "<group>";
		};
/* End PBXGroup section */

/* Begin PBXNativeTarget section */
		49B556192D92A0880087C567 /* marketplace */ = {
			isa = PBXNativeTarget;
			buildConfigurationList = 49B5563E2D92A08C0087C567 /* Build configuration list for PBXNativeTarget "marketplace" */;
			buildPhases = (
				49B556162D92A0880087C567 /* Sources */,
				49B556172D92A0880087C567 /* Frameworks */,
				49B556182D92A0880087C567 /* Resources */,
			);
			buildRules = (
			);
			dependencies = (
			);
			name = marketplace;
			productName = marketplace;
			productReference = 49B5561A2D92A0880087C567 /* marketplace.app */;
			productType = "com.apple.product-type.application";
		};
		49B556292D92A08C0087C567 /* marketplaceTests */ = {
			isa = PBXNativeTarget;
			buildConfigurationList = 49B556412D92A08C0087C567 /* Build configuration list for PBXNativeTarget "marketplaceTests" */;
			buildPhases = (
				49B556262D92A08C0087C567 /* Sources */,
				49B556272D92A08C0087C567 /* Frameworks */,
				49B556282D92A08C0087C567 /* Resources */,
			);
			buildRules = (
			);
			dependencies = (
				49B5562C2D92A08C0087C567 /* PBXTargetDependency */,
			);
			name = marketplaceTests;
			productName = marketplaceTests;
			productReference = 49B5562A2D92A08C0087C567 /* marketplaceTests.xctest */;
			productType = "com.apple.product-type.bundle.unit-test";
		};
		49B556332D92A08C0087C567 /* marketplaceUITests */ = {
			isa = PBXNativeTarget;
			buildConfigurationList = 49B556442D92A08C0087C567 /* Build configuration list for PBXNativeTarget "marketplaceUITests" */;
			buildPhases = (
				49B556302D92A08C0087C567 /* Sources */,
				49B556312D92A08C0087C567 /* Frameworks */,
				49B556322D92A08C0087C567 /* Resources */,
			);
			buildRules = (
			);
			dependencies = (
				49B556362D92A08C0087C567 /* PBXTargetDependency */,
			);
			name = marketplaceUITests;
			productName = marketplaceUITests;
			productReference = 49B556342D92A08C0087C567 /* marketplaceUITests.xctest */;
			productType = "com.apple.product-type.bundle.ui-testing";
		};
/* End PBXNativeTarget section */

/* Begin PBXProject section */
		49B556122D92A0880087C567 /* Project object */ = {
			isa = PBXProject;
			attributes = {
				BuildIndependentTargetsInParallel = 1;
				LastSwiftUpdateCheck = 1430;
				LastUpgradeCheck = 1430;
				TargetAttributes = {
					49B556192D92A0880087C567 = {
						CreatedOnToolsVersion = 14.3.1;
					};
					49B556292D92A08C0087C567 = {
						CreatedOnToolsVersion = 14.3.1;
						TestTargetID = 49B556192D92A0880087C567;
					};
					49B556332D92A08C0087C567 = {
						CreatedOnToolsVersion = 14.3.1;
						TestTargetID = 49B556192D92A0880087C567;
					};
				};
			};
			buildConfigurationList = 49B556152D92A0880087C567 /* Build configuration list for PBXProject "marketplace" */;
			compatibilityVersion = "Xcode 14.0";
			developmentRegion = en;
			hasScannedForEncodings = 0;
			knownRegions = (
				en,
				Base,
			);
			mainGroup = 49B556112D92A0880087C567;
			productRefGroup = 49B5561B2D92A0880087C567 /* Products */;
			projectDirPath = "";
			projectRoot = "";
			targets = (
				49B556192D92A0880087C567 /* marketplace */,
				49B556292D92A08C0087C567 /* marketplaceTests */,
				49B556332D92A08C0087C567 /* marketplaceUITests */,
			);
		};
/* End PBXProject section */

/* Begin PBXResourcesBuildPhase section */
		49B556182D92A0880087C567 /* Resources */ = {
			isa = PBXResourcesBuildPhase;
			buildActionMask = 2147483647;
			files = (
				49B556252D92A08C0087C567 /* Preview Assets.xcassets in Resources */,
				49B556222D92A08C0087C567 /* Assets.xcassets in Resources */,
			);
			runOnlyForDeploymentPostprocessing = 0;
		};
		49B556282D92A08C0087C567 /* Resources */ = {
			isa = PBXResourcesBuildPhase;
			buildActionMask = 2147483647;
			files = (
			);
			runOnlyForDeploymentPostprocessing = 0;
		};
		49B556322D92A08C0087C567 /* Resources */ = {
			isa = PBXResourcesBuildPhase;
			buildActionMask = 2147483647;
			files = (
			);
			runOnlyForDeploymentPostprocessing = 0;
		};
/* End PBXResourcesBuildPhase section */

/* Begin PBXSourcesBuildPhase section */
		49B556162D92A0880087C567 /* Sources */ = {
			isa = PBXSourcesBuildPhase;
			buildActionMask = 2147483647;
			files = (
				49B556202D92A0880087C567 /* ContentView.swift in Sources */,
				4939D9042D93FB6500350987 /* CartButton.swift in Sources */,
				49B5564D2D92E3260087C567 /* ImageSliderView.swift in Sources */,
				4939D9022D93E1D100350987 /* CartManager.swift in Sources */,
				49B5561E2D92A0880087C567 /* marketplaceApp.swift in Sources */,
				49B5564A2D92D87A0087C567 /* Product.swift in Sources */,
				49B556522D92F1E40087C567 /* SearchView1.swift in Sources */,
				4939D9072D94001500350987 /* HomePageView.swift in Sources */,
				49B556502D92F1A50087C567 /* ProductCartView.swift in Sources */,
			);
			runOnlyForDeploymentPostprocessing = 0;
		};
		49B556262D92A08C0087C567 /* Sources */ = {
			isa = PBXSourcesBuildPhase;
			buildActionMask = 2147483647;
			files = (
				49B5562F2D92A08C0087C567 /* marketplaceTests.swift in Sources */,
			);
			runOnlyForDeploymentPostprocessing = 0;
		};
		49B556302D92A08C0087C567 /* Sources */ = {
			isa = PBXSourcesBuildPhase;
			buildActionMask = 2147483647;
			files = (
				49B5563B2D92A08C0087C567 /* marketplaceUITestsLaunchTests.swift in Sources */,
				49B556392D92A08C0087C567 /* marketplaceUITests.swift in Sources */,
			);
			runOnlyForDeploymentPostprocessing = 0;
		};
/* End PBXSourcesBuildPhase section */

/* Begin PBXTargetDependency section */
		49B5562C2D92A08C0087C567 /* PBXTargetDependency */ = {
			isa = PBXTargetDependency;
			target = 49B556192D92A0880087C567 /* marketplace */;
			targetProxy = 49B5562B2D92A08C0087C567 /* PBXContainerItemProxy */;
		};
		49B556362D92A08C0087C567 /* PBXTargetDependency */ = {
			isa = PBXTargetDependency;
			target = 49B556192D92A0880087C567 /* marketplace */;
			targetProxy = 49B556352D92A08C0087C567 /* PBXContainerItemProxy */;
		};
/* End PBXTargetDependency section */

/* Begin XCBuildConfiguration section */
		49B5563C2D92A08C0087C567 /* Debug */ = {
			isa = XCBuildConfiguration;
			buildSettings = {
				ALWAYS_SEARCH_USER_PATHS = NO;
				CLANG_ANALYZER_NONNULL = YES;
				CLANG_ANALYZER_NUMBER_OBJECT_CONVERSION = YES_AGGRESSIVE;
				CLANG_CXX_LANGUAGE_STANDARD = "gnu++20";
				CLANG_ENABLE_MODULES = YES;
				CLANG_ENABLE_OBJC_ARC = YES;
				CLANG_ENABLE_OBJC_WEAK = YES;
				CLANG_WARN_BLOCK_CAPTURE_AUTORELEASING = YES;
				CLANG_WARN_BOOL_CONVERSION = YES;
				CLANG_WARN_COMMA = YES;
				CLANG_WARN_CONSTANT_CONVERSION = YES;
				CLANG_WARN_DEPRECATED_OBJC_IMPLEMENTATIONS = YES;
				CLANG_WARN_DIRECT_OBJC_ISA_USAGE = YES_ERROR;
				CLANG_WARN_DOCUMENTATION_COMMENTS = YES;
				CLANG_WARN_EMPTY_BODY = YES;
				CLANG_WARN_ENUM_CONVERSION = YES;
				CLANG_WARN_INFINITE_RECURSION = YES;
				CLANG_WARN_INT_CONVERSION = YES;
				CLANG_WARN_NON_LITERAL_NULL_CONVERSION = YES;
				CLANG_WARN_OBJC_IMPLICIT_RETAIN_SELF = YES;
				CLANG_WARN_OBJC_LITERAL_CONVERSION = YES;
				CLANG_WARN_OBJC_ROOT_CLASS = YES_ERROR;
				CLANG_WARN_QUOTED_INCLUDE_IN_FRAMEWORK_HEADER = YES;
				CLANG_WARN_RANGE_LOOP_ANALYSIS = YES;
				CLANG_WARN_STRICT_PROTOTYPES = YES;
				CLANG_WARN_SUSPICIOUS_MOVE = YES;
				CLANG_WARN_UNGUARDED_AVAILABILITY = YES_AGGRESSIVE;
				CLANG_WARN_UNREACHABLE_CODE = YES;
				CLANG_WARN__DUPLICATE_METHOD_MATCH = YES;
				COPY_PHASE_STRIP = NO;
				DEBUG_INFORMATION_FORMAT = dwarf;
				ENABLE_STRICT_OBJC_MSGSEND = YES;
				ENABLE_TESTABILITY = YES;
				GCC_C_LANGUAGE_STANDARD = gnu11;
				GCC_DYNAMIC_NO_PIC = NO;
				GCC_NO_COMMON_BLOCKS = YES;
				GCC_OPTIMIZATION_LEVEL = 0;
				GCC_PREPROCESSOR_DEFINITIONS = (
					"DEBUG=1",
					"$(inherited)",
				);
				GCC_WARN_64_TO_32_BIT_CONVERSION = YES;
				GCC_WARN_ABOUT_RETURN_TYPE = YES_ERROR;
				GCC_WARN_UNDECLARED_SELECTOR = YES;
				GCC_WARN_UNINITIALIZED_AUTOS = YES_AGGRESSIVE;
				GCC_WARN_UNUSED_FUNCTION = YES;
				GCC_WARN_UNUSED_VARIABLE = YES;
				IPHONEOS_DEPLOYMENT_TARGET = 16.4;
				MTL_ENABLE_DEBUG_INFO = INCLUDE_SOURCE;
				MTL_FAST_MATH = YES;
				ONLY_ACTIVE_ARCH = YES;
				SDKROOT = iphoneos;
				SWIFT_ACTIVE_COMPILATION_CONDITIONS = DEBUG;
				SWIFT_OPTIMIZATION_LEVEL = "-Onone";
			};
			name = Debug;
		};
		49B5563D2D92A08C0087C567 /* Release */ = {
			isa = XCBuildConfiguration;
			buildSettings = {
				ALWAYS_SEARCH_USER_PATHS = NO;
				CLANG_ANALYZER_NONNULL = YES;
				CLANG_ANALYZER_NUMBER_OBJECT_CONVERSION = YES_AGGRESSIVE;
				CLANG_CXX_LANGUAGE_STANDARD = "gnu++20";
				CLANG_ENABLE_MODULES = YES;
				CLANG_ENABLE_OBJC_ARC = YES;
				CLANG_ENABLE_OBJC_WEAK = YES;
				CLANG_WARN_BLOCK_CAPTURE_AUTORELEASING = YES;
				CLANG_WARN_BOOL_CONVERSION = YES;
				CLANG_WARN_COMMA = YES;
				CLANG_WARN_CONSTANT_CONVERSION = YES;
				CLANG_WARN_DEPRECATED_OBJC_IMPLEMENTATIONS = YES;
				CLANG_WARN_DIRECT_OBJC_ISA_USAGE = YES_ERROR;
				CLANG_WARN_DOCUMENTATION_COMMENTS = YES;
				CLANG_WARN_EMPTY_BODY = YES;
				CLANG_WARN_ENUM_CONVERSION = YES;
				CLANG_WARN_INFINITE_RECURSION = YES;
				CLANG_WARN_INT_CONVERSION = YES;
				CLANG_WARN_NON_LITERAL_NULL_CONVERSION = YES;
				CLANG_WARN_OBJC_IMPLICIT_RETAIN_SELF = YES;
				CLANG_WARN_OBJC_LITERAL_CONVERSION = YES;
				CLANG_WARN_OBJC_ROOT_CLASS = YES_ERROR;
				CLANG_WARN_QUOTED_INCLUDE_IN_FRAMEWORK_HEADER = YES;
				CLANG_WARN_RANGE_LOOP_ANALYSIS = YES;
				CLANG_WARN_STRICT_PROTOTYPES = YES;
				CLANG_WARN_SUSPICIOUS_MOVE = YES;
				CLANG_WARN_UNGUARDED_AVAILABILITY = YES_AGGRESSIVE;
				CLANG_WARN_UNREACHABLE_CODE = YES;
				CLANG_WARN__DUPLICATE_METHOD_MATCH = YES;
				COPY_PHASE_STRIP = NO;
				DEBUG_INFORMATION_FORMAT = "dwarf-with-dsym";
				ENABLE_NS_ASSERTIONS = NO;
				ENABLE_STRICT_OBJC_MSGSEND = YES;
				GCC_C_LANGUAGE_STANDARD = gnu11;
				GCC_NO_COMMON_BLOCKS = YES;
				GCC_WARN_64_TO_32_BIT_CONVERSION = YES;
				GCC_WARN_ABOUT_RETURN_TYPE = YES_ERROR;
				GCC_WARN_UNDECLARED_SELECTOR = YES;
				GCC_WARN_UNINITIALIZED_AUTOS = YES_AGGRESSIVE;
				GCC_WARN_UNUSED_FUNCTION = YES;
				GCC_WARN_UNUSED_VARIABLE = YES;
				IPHONEOS_DEPLOYMENT_TARGET = 16.4;
				MTL_ENABLE_DEBUG_INFO = NO;
				MTL_FAST_MATH = YES;
				SDKROOT = iphoneos;
				SWIFT_COMPILATION_MODE = wholemodule;
				SWIFT_OPTIMIZATION_LEVEL = "-O";
				VALIDATE_PRODUCT = YES;
			};
			name = Release;
		};
		49B5563F2D92A08C0087C567 /* Debug */ = {
			isa = XCBuildConfiguration;
			buildSettings = {
				ASSETCATALOG_COMPILER_APPICON_NAME = AppIcon;
				ASSETCATALOG_COMPILER_GLOBAL_ACCENT_COLOR_NAME = AccentColor;
				CODE_SIGN_STYLE = Automatic;
				CURRENT_PROJECT_VERSION = 1;
				DEVELOPMENT_ASSET_PATHS = "\"marketplace/Preview Content\"";
				ENABLE_PREVIEWS = YES;
				GENERATE_INFOPLIST_FILE = YES;
				INFOPLIST_KEY_UIApplicationSceneManifest_Generation = YES;
				INFOPLIST_KEY_UIApplicationSupportsIndirectInputEvents = YES;
				INFOPLIST_KEY_UILaunchScreen_Generation = YES;
				INFOPLIST_KEY_UISupportedInterfaceOrientations_iPad = "UIInterfaceOrientationPortrait UIInterfaceOrientationPortraitUpsideDown UIInterfaceOrientationLandscapeLeft UIInterfaceOrientationLandscapeRight";
				INFOPLIST_KEY_UISupportedInterfaceOrientations_iPhone = "UIInterfaceOrientationPortrait UIInterfaceOrientationLandscapeLeft UIInterfaceOrientationLandscapeRight";
				LD_RUNPATH_SEARCH_PATHS = (
					"$(inherited)",
					"@executable_path/Frameworks",
				);
				MARKETING_VERSION = 1.0;
				PRODUCT_BUNDLE_IDENTIFIER = evzone.marketplace;
				PRODUCT_NAME = "$(TARGET_NAME)";
				SWIFT_EMIT_LOC_STRINGS = YES;
				SWIFT_VERSION = 5.0;
				TARGETED_DEVICE_FAMILY = "1,2";
			};
			name = Debug;
		};
		49B556402D92A08C0087C567 /* Release */ = {
			isa = XCBuildConfiguration;
			buildSettings = {
				ASSETCATALOG_COMPILER_APPICON_NAME = AppIcon;
				ASSETCATALOG_COMPILER_GLOBAL_ACCENT_COLOR_NAME = AccentColor;
				CODE_SIGN_STYLE = Automatic;
				CURRENT_PROJECT_VERSION = 1;
				DEVELOPMENT_ASSET_PATHS = "\"marketplace/Preview Content\"";
				ENABLE_PREVIEWS = YES;
				GENERATE_INFOPLIST_FILE = YES;
				INFOPLIST_KEY_UIApplicationSceneManifest_Generation = YES;
				INFOPLIST_KEY_UIApplicationSupportsIndirectInputEvents = YES;
				INFOPLIST_KEY_UILaunchScreen_Generation = YES;
				INFOPLIST_KEY_UISupportedInterfaceOrientations_iPad = "UIInterfaceOrientationPortrait UIInterfaceOrientationPortraitUpsideDown UIInterfaceOrientationLandscapeLeft UIInterfaceOrientationLandscapeRight";
				INFOPLIST_KEY_UISupportedInterfaceOrientations_iPhone = "UIInterfaceOrientationPortrait UIInterfaceOrientationLandscapeLeft UIInterfaceOrientationLandscapeRight";
				LD_RUNPATH_SEARCH_PATHS = (
					"$(inherited)",
					"@executable_path/Frameworks",
				);
				MARKETING_VERSION = 1.0;
				PRODUCT_BUNDLE_IDENTIFIER = evzone.marketplace;
				PRODUCT_NAME = "$(TARGET_NAME)";
				SWIFT_EMIT_LOC_STRINGS = YES;
				SWIFT_VERSION = 5.0;
				TARGETED_DEVICE_FAMILY = "1,2";
			};
			name = Release;
		};
		49B556422D92A08C0087C567 /* Debug */ = {
			isa = XCBuildConfiguration;
			buildSettings = {
				ALWAYS_EMBED_SWIFT_STANDARD_LIBRARIES = YES;
				BUNDLE_LOADER = "$(TEST_HOST)";
				CODE_SIGN_STYLE = Automatic;
				CURRENT_PROJECT_VERSION = 1;
				GENERATE_INFOPLIST_FILE = YES;
				IPHONEOS_DEPLOYMENT_TARGET = 16.4;
				MARKETING_VERSION = 1.0;
				PRODUCT_BUNDLE_IDENTIFIER = evzone.marketplaceTests;
				PRODUCT_NAME = "$(TARGET_NAME)";
				SWIFT_EMIT_LOC_STRINGS = NO;
				SWIFT_VERSION = 5.0;
				TARGETED_DEVICE_FAMILY = "1,2";
				TEST_HOST = "$(BUILT_PRODUCTS_DIR)/marketplace.app/$(BUNDLE_EXECUTABLE_FOLDER_PATH)/marketplace";
			};
			name = Debug;
		};
		49B556432D92A08C0087C567 /* Release */ = {
			isa = XCBuildConfiguration;
			buildSettings = {
				ALWAYS_EMBED_SWIFT_STANDARD_LIBRARIES = YES;
				BUNDLE_LOADER = "$(TEST_HOST)";
				CODE_SIGN_STYLE = Automatic;
				CURRENT_PROJECT_VERSION = 1;
				GENERATE_INFOPLIST_FILE = YES;
				IPHONEOS_DEPLOYMENT_TARGET = 16.4;
				MARKETING_VERSION = 1.0;
				PRODUCT_BUNDLE_IDENTIFIER = evzone.marketplaceTests;
				PRODUCT_NAME = "$(TARGET_NAME)";
				SWIFT_EMIT_LOC_STRINGS = NO;
				SWIFT_VERSION = 5.0;
				TARGETED_DEVICE_FAMILY = "1,2";
				TEST_HOST = "$(BUILT_PRODUCTS_DIR)/marketplace.app/$(BUNDLE_EXECUTABLE_FOLDER_PATH)/marketplace";
			};
			name = Release;
		};
		49B556452D92A08C0087C567 /* Debug */ = {
			isa = XCBuildConfiguration;
			buildSettings = {
				ALWAYS_EMBED_SWIFT_STANDARD_LIBRARIES = YES;
				CODE_SIGN_STYLE = Automatic;
				CURRENT_PROJECT_VERSION = 1;
				GENERATE_INFOPLIST_FILE = YES;
				MARKETING_VERSION = 1.0;
				PRODUCT_BUNDLE_IDENTIFIER = evzone.marketplaceUITests;
				PRODUCT_NAME = "$(TARGET_NAME)";
				SWIFT_EMIT_LOC_STRINGS = NO;
				SWIFT_VERSION = 5.0;
				TARGETED_DEVICE_FAMILY = "1,2";
				TEST_TARGET_NAME = marketplace;
			};
			name = Debug;
		};
		49B556462D92A08C0087C567 /* Release */ = {
			isa = XCBuildConfiguration;
			buildSettings = {
				ALWAYS_EMBED_SWIFT_STANDARD_LIBRARIES = YES;
				CODE_SIGN_STYLE = Automatic;
				CURRENT_PROJECT_VERSION = 1;
				GENERATE_INFOPLIST_FILE = YES;
				MARKETING_VERSION = 1.0;
				PRODUCT_BUNDLE_IDENTIFIER = evzone.marketplaceUITests;
				PRODUCT_NAME = "$(TARGET_NAME)";
				SWIFT_EMIT_LOC_STRINGS = NO;
				SWIFT_VERSION = 5.0;
				TARGETED_DEVICE_FAMILY = "1,2";
				TEST_TARGET_NAME = marketplace;
			};
			name = Release;
		};
/* End XCBuildConfiguration section */

/* Begin XCConfigurationList section */
		49B556152D92A0880087C567 /* Build configuration list for PBXProject "marketplace" */ = {
			isa = XCConfigurationList;
			buildConfigurations = (
				49B5563C2D92A08C0087C567 /* Debug */,
				49B5563D2D92A08C0087C567 /* Release */,
			);
			defaultConfigurationIsVisible = 0;
			defaultConfigurationName = Release;
		};
		49B5563E2D92A08C0087C567 /* Build configuration list for PBXNativeTarget "marketplace" */ = {
			isa = XCConfigurationList;
			buildConfigurations = (
				49B5563F2D92A08C0087C567 /* Debug */,
				49B556402D92A08C0087C567 /* Release */,
			);
			defaultConfigurationIsVisible = 0;
			defaultConfigurationName = Release;
		};
		49B556412D92A08C0087C567 /* Build configuration list for PBXNativeTarget "marketplaceTests" */ = {
			isa = XCConfigurationList;
			buildConfigurations = (
				49B556422D92A08C0087C567 /* Debug */,
				49B556432D92A08C0087C567 /* Release */,
			);
			defaultConfigurationIsVisible = 0;
			defaultConfigurationName = Release;
		};
		49B556442D92A08C0087C567 /* Build configuration list for PBXNativeTarget "marketplaceUITests" */ = {
			isa = XCConfigurationList;
			buildConfigurations = (
				49B556452D92A08C0087C567 /* Debug */,
				49B556462D92A08C0087C567 /* Release */,
			);
			defaultConfigurationIsVisible = 0;
			defaultConfigurationName = Release;
		};
/* End XCConfigurationList section */
	};
	rootObject = 49B556122D92A0880087C567 /* Project object */;
}
